// !$*UTF8*$!
{
	archiveVersion = 1;
	classes = {
	};
	objectVersion = 51;
	objects = {

/* Begin PBXBuildFile section */
		487E043DD09C379BCE330844 /* Pods_SmartNotificationsDemo.framework in Frameworks */ = {isa = PBXBuildFile; fileRef = AEDC3BD959DB3089D9EB5775 /* Pods_SmartNotificationsDemo.framework */; };
		96DBB73022D8772400A3D6A5 /* AppDelegate.swift in Sources */ = {isa = PBXBuildFile; fileRef = 96DBB72F22D8772400A3D6A5 /* AppDelegate.swift */; };
		96DBB73222D8772400A3D6A5 /* ViewController.swift in Sources */ = {isa = PBXBuildFile; fileRef = 96DBB73122D8772400A3D6A5 /* ViewController.swift */; };
		96DBB73522D8772400A3D6A5 /* Main.storyboard in Resources */ = {isa = PBXBuildFile; fileRef = 96DBB73322D8772400A3D6A5 /* Main.storyboard */; };
		96DBB73722D8772600A3D6A5 /* Assets.xcassets in Resources */ = {isa = PBXBuildFile; fileRef = 96DBB73622D8772600A3D6A5 /* Assets.xcassets */; };
		96DBB73A22D8772600A3D6A5 /* LaunchScreen.storyboard in Resources */ = {isa = PBXBuildFile; fileRef = 96DBB73822D8772600A3D6A5 /* LaunchScreen.storyboard */; };
		96DBB77922D89C3600A3D6A5 /* libz.tbd in Frameworks */ = {isa = PBXBuildFile; fileRef = 96DBB77822D89C3600A3D6A5 /* libz.tbd */; };
		96DBB7A922D8AE4800A3D6A5 /* incoming-ios-sdk.plist in Resources */ = {isa = PBXBuildFile; fileRef = 96DBB7A822D8AE4800A3D6A5 /* incoming-ios-sdk.plist */; };
/* End PBXBuildFile section */

/* Begin PBXCopyFilesBuildPhase section */
		96DBB76122D89A0400A3D6A5 /* CopyFiles */ = {
			isa = PBXCopyFilesBuildPhase;
			buildActionMask = 2147483647;
			dstPath = "";
			dstSubfolderSpec = 10;
			files = (
			);
			runOnlyForDeploymentPostprocessing = 0;
		};
/* End PBXCopyFilesBuildPhase section */

/* Begin PBXFileReference section */
		62ABC74834F7411D107075F7 /* Pods-SmartNotificationsDemo.release.xcconfig */ = {isa = PBXFileReference; includeInIndex = 1; lastKnownFileType = text.xcconfig; name = "Pods-SmartNotificationsDemo.release.xcconfig"; path = "Target Support Files/Pods-SmartNotificationsDemo/Pods-SmartNotificationsDemo.release.xcconfig"; sourceTree = "<group>"; };
		96DBB72C22D8772400A3D6A5 /* SmartNotificationsDemo.app */ = {isa = PBXFileReference; explicitFileType = wrapper.application; includeInIndex = 0; path = SmartNotificationsDemo.app; sourceTree = BUILT_PRODUCTS_DIR; };
		96DBB72F22D8772400A3D6A5 /* AppDelegate.swift */ = {isa = PBXFileReference; lastKnownFileType = sourcecode.swift; path = AppDelegate.swift; sourceTree = "<group>"; };
		96DBB73122D8772400A3D6A5 /* ViewController.swift */ = {isa = PBXFileReference; lastKnownFileType = sourcecode.swift; path = ViewController.swift; sourceTree = "<group>"; };
		96DBB73422D8772400A3D6A5 /* Base */ = {isa = PBXFileReference; lastKnownFileType = file.storyboard; name = Base; path = Base.lproj/Main.storyboard; sourceTree = "<group>"; };
		96DBB73622D8772600A3D6A5 /* Assets.xcassets */ = {isa = PBXFileReference; lastKnownFileType = folder.assetcatalog; path = Assets.xcassets; sourceTree = "<group>"; };
		96DBB73922D8772600A3D6A5 /* Base */ = {isa = PBXFileReference; lastKnownFileType = file.storyboard; name = Base; path = Base.lproj/LaunchScreen.storyboard; sourceTree = "<group>"; };
		96DBB73B22D8772600A3D6A5 /* Info.plist */ = {isa = PBXFileReference; lastKnownFileType = text.plist.xml; path = Info.plist; sourceTree = "<group>"; };
		96DBB74122D8785200A3D6A5 /* SmartNotificationsDemo.entitlements */ = {isa = PBXFileReference; lastKnownFileType = text.plist.entitlements; path = SmartNotificationsDemo.entitlements; sourceTree = "<group>"; };
		96DBB77822D89C3600A3D6A5 /* libz.tbd */ = {isa = PBXFileReference; lastKnownFileType = "sourcecode.text-based-dylib-definition"; name = libz.tbd; path = usr/lib/libz.tbd; sourceTree = SDKROOT; };
		96DBB7A822D8AE4800A3D6A5 /* incoming-ios-sdk.plist */ = {isa = PBXFileReference; fileEncoding = 4; lastKnownFileType = text.plist.xml; path = "incoming-ios-sdk.plist"; sourceTree = "<group>"; };
		AEDC3BD959DB3089D9EB5775 /* Pods_SmartNotificationsDemo.framework */ = {isa = PBXFileReference; explicitFileType = wrapper.framework; includeInIndex = 0; path = Pods_SmartNotificationsDemo.framework; sourceTree = BUILT_PRODUCTS_DIR; };
		F01AFCEA6031923F71D103D3 /* Pods-SmartNotificationsDemo.debug.xcconfig */ = {isa = PBXFileReference; includeInIndex = 1; lastKnownFileType = text.xcconfig; name = "Pods-SmartNotificationsDemo.debug.xcconfig"; path = "Target Support Files/Pods-SmartNotificationsDemo/Pods-SmartNotificationsDemo.debug.xcconfig"; sourceTree = "<group>"; };
/* End PBXFileReference section */

/* Begin PBXFrameworksBuildPhase section */
		96DBB72922D8772400A3D6A5 /* Frameworks */ = {
			isa = PBXFrameworksBuildPhase;
			buildActionMask = 2147483647;
			files = (
				96DBB77922D89C3600A3D6A5 /* libz.tbd in Frameworks */,
				487E043DD09C379BCE330844 /* Pods_SmartNotificationsDemo.framework in Frameworks */,
			);
			runOnlyForDeploymentPostprocessing = 0;
		};
/* End PBXFrameworksBuildPhase section */

/* Begin PBXGroup section */
		96DBB72322D8772400A3D6A5 = {
			isa = PBXGroup;
			children = (
				96DBB72E22D8772400A3D6A5 /* SmartNotificationsDemo */,
				96DBB72D22D8772400A3D6A5 /* Products */,
				9DAF4FF7668F841934AC382E /* Pods */,
				AE2BD3FA69ABC92BEC80C4B4 /* Frameworks */,
			);
			sourceTree = "<group>";
		};
		96DBB72D22D8772400A3D6A5 /* Products */ = {
			isa = PBXGroup;
			children = (
				96DBB72C22D8772400A3D6A5 /* SmartNotificationsDemo.app */,
			);
			name = Products;
			sourceTree = "<group>";
		};
		96DBB72E22D8772400A3D6A5 /* SmartNotificationsDemo */ = {
			isa = PBXGroup;
			children = (
				96DBB74122D8785200A3D6A5 /* SmartNotificationsDemo.entitlements */,
				96DBB72F22D8772400A3D6A5 /* AppDelegate.swift */,
				96DBB73122D8772400A3D6A5 /* ViewController.swift */,
				96DBB73322D8772400A3D6A5 /* Main.storyboard */,
				96DBB73622D8772600A3D6A5 /* Assets.xcassets */,
				96DBB73822D8772600A3D6A5 /* LaunchScreen.storyboard */,
				96DBB7A822D8AE4800A3D6A5 /* incoming-ios-sdk.plist */,
				96DBB73B22D8772600A3D6A5 /* Info.plist */,
			);
			path = SmartNotificationsDemo;
			sourceTree = "<group>";
		};
		9DAF4FF7668F841934AC382E /* Pods */ = {
			isa = PBXGroup;
			children = (
				F01AFCEA6031923F71D103D3 /* Pods-SmartNotificationsDemo.debug.xcconfig */,
				62ABC74834F7411D107075F7 /* Pods-SmartNotificationsDemo.release.xcconfig */,
			);
			path = Pods;
			sourceTree = "<group>";
		};
		AE2BD3FA69ABC92BEC80C4B4 /* Frameworks */ = {
			isa = PBXGroup;
			children = (
				96DBB77822D89C3600A3D6A5 /* libz.tbd */,
				AEDC3BD959DB3089D9EB5775 /* Pods_SmartNotificationsDemo.framework */,
			);
			name = Frameworks;
			sourceTree = "<group>";
		};
/* End PBXGroup section */

/* Begin PBXNativeTarget section */
		96DBB72B22D8772400A3D6A5 /* SmartNotificationsDemo */ = {
			isa = PBXNativeTarget;
			buildConfigurationList = 96DBB73E22D8772600A3D6A5 /* Build configuration list for PBXNativeTarget "SmartNotificationsDemo" */;
			buildPhases = (
				2F6C029DC1E3F18BE2AC93E5 /* [CP] Check Pods Manifest.lock */,
				96DBB72822D8772400A3D6A5 /* Sources */,
				96DBB72922D8772400A3D6A5 /* Frameworks */,
				96DBB72A22D8772400A3D6A5 /* Resources */,
				BE51A118FB665EF483626D54 /* [CP] Embed Pods Frameworks */,
				96DBB76122D89A0400A3D6A5 /* CopyFiles */,
				3FF8B6397EB521C242E2A68A /* [CP] Copy Pods Resources */,
			);
			buildRules = (
			);
			dependencies = (
			);
			name = SmartNotificationsDemo;
			productName = SmartNotificationsDemo;
			productReference = 96DBB72C22D8772400A3D6A5 /* SmartNotificationsDemo.app */;
			productType = "com.apple.product-type.application";
		};
/* End PBXNativeTarget section */

/* Begin PBXProject section */
		96DBB72422D8772400A3D6A5 /* Project object */ = {
			isa = PBXProject;
			attributes = {
				LastSwiftUpdateCheck = 1020;
				LastUpgradeCheck = 1020;
				ORGANIZATIONNAME = Sourse;
				TargetAttributes = {
					96DBB72B22D8772400A3D6A5 = {
						CreatedOnToolsVersion = 10.2.1;
						SystemCapabilities = {
							com.apple.AccessWiFi = {
								enabled = 1;
							};
							com.apple.BackgroundModes = {
								enabled = 1;
							};
							com.apple.Push = {
								enabled = 1;
							};
						};
					};
				};
			};
			buildConfigurationList = 96DBB72722D8772400A3D6A5 /* Build configuration list for PBXProject "SmartNotificationsDemo" */;
			compatibilityVersion = "Xcode 9.3";
			developmentRegion = en;
			hasScannedForEncodings = 0;
			knownRegions = (
				en,
				Base,
			);
			mainGroup = 96DBB72322D8772400A3D6A5;
			productRefGroup = 96DBB72D22D8772400A3D6A5 /* Products */;
			projectDirPath = "";
			projectRoot = "";
			targets = (
				96DBB72B22D8772400A3D6A5 /* SmartNotificationsDemo */,
			);
		};
/* End PBXProject section */

/* Begin PBXResourcesBuildPhase section */
		96DBB72A22D8772400A3D6A5 /* Resources */ = {
			isa = PBXResourcesBuildPhase;
			buildActionMask = 2147483647;
			files = (
				96DBB73A22D8772600A3D6A5 /* LaunchScreen.storyboard in Resources */,
				96DBB73722D8772600A3D6A5 /* Assets.xcassets in Resources */,
				96DBB73522D8772400A3D6A5 /* Main.storyboard in Resources */,
				96DBB7A922D8AE4800A3D6A5 /* incoming-ios-sdk.plist in Resources */,
			);
			runOnlyForDeploymentPostprocessing = 0;
		};
/* End PBXResourcesBuildPhase section */

/* Begin PBXShellScriptBuildPhase section */
		2F6C029DC1E3F18BE2AC93E5 /* [CP] Check Pods Manifest.lock */ = {
			isa = PBXShellScriptBuildPhase;
			buildActionMask = 2147483647;
			files = (
			);
			inputFileListPaths = (
			);
			inputPaths = (
				"${PODS_PODFILE_DIR_PATH}/Podfile.lock",
				"${PODS_ROOT}/Manifest.lock",
			);
			name = "[CP] Check Pods Manifest.lock";
			outputFileListPaths = (
			);
			outputPaths = (
				"$(DERIVED_FILE_DIR)/Pods-SmartNotificationsDemo-checkManifestLockResult.txt",
			);
			runOnlyForDeploymentPostprocessing = 0;
			shellPath = /bin/sh;
			shellScript = "diff \"${PODS_PODFILE_DIR_PATH}/Podfile.lock\" \"${PODS_ROOT}/Manifest.lock\" > /dev/null\nif [ $? != 0 ] ; then\n    # print error to STDERR\n    echo \"error: The sandbox is not in sync with the Podfile.lock. Run 'pod install' or update your CocoaPods installation.\" >&2\n    exit 1\nfi\n# This output is used by Xcode 'outputs' to avoid re-running this script phase.\necho \"SUCCESS\" > \"${SCRIPT_OUTPUT_FILE_0}\"\n";
			showEnvVarsInLog = 0;
		};
		3FF8B6397EB521C242E2A68A /* [CP] Copy Pods Resources */ = {
			isa = PBXShellScriptBuildPhase;
			buildActionMask = 2147483647;
			files = (
			);
			inputFileListPaths = (
				"${PODS_ROOT}/Target Support Files/Pods-SmartNotificationsDemo/Pods-SmartNotificationsDemo-resources-${CONFIGURATION}-input-files.xcfilelist",
			);
			name = "[CP] Copy Pods Resources";
			outputFileListPaths = (
				"${PODS_ROOT}/Target Support Files/Pods-SmartNotificationsDemo/Pods-SmartNotificationsDemo-resources-${CONFIGURATION}-output-files.xcfilelist",
			);
			runOnlyForDeploymentPostprocessing = 0;
			shellPath = /bin/sh;
			shellScript = "\"${PODS_ROOT}/Target Support Files/Pods-SmartNotificationsDemo/Pods-SmartNotificationsDemo-resources.sh\"\n";
			showEnvVarsInLog = 0;
		};
		BE51A118FB665EF483626D54 /* [CP] Embed Pods Frameworks */ = {
			isa = PBXShellScriptBuildPhase;
			buildActionMask = 2147483647;
			files = (
			);
			inputFileListPaths = (
				"${PODS_ROOT}/Target Support Files/Pods-SmartNotificationsDemo/Pods-SmartNotificationsDemo-frameworks-${CONFIGURATION}-input-files.xcfilelist",
			);
			name = "[CP] Embed Pods Frameworks";
			outputFileListPaths = (
				"${PODS_ROOT}/Target Support Files/Pods-SmartNotificationsDemo/Pods-SmartNotificationsDemo-frameworks-${CONFIGURATION}-output-files.xcfilelist",
			);
			runOnlyForDeploymentPostprocessing = 0;
			shellPath = /bin/sh;
			shellScript = "\"${PODS_ROOT}/Target Support Files/Pods-SmartNotificationsDemo/Pods-SmartNotificationsDemo-frameworks.sh\"\n";
			showEnvVarsInLog = 0;
		};
/* End PBXShellScriptBuildPhase section */

/* Begin PBXSourcesBuildPhase section */
		96DBB72822D8772400A3D6A5 /* Sources */ = {
			isa = PBXSourcesBuildPhase;
			buildActionMask = 2147483647;
			files = (
				96DBB73222D8772400A3D6A5 /* ViewController.swift in Sources */,
				96DBB73022D8772400A3D6A5 /* AppDelegate.swift in Sources */,
			);
			runOnlyForDeploymentPostprocessing = 0;
		};
/* End PBXSourcesBuildPhase section */

/* Begin PBXVariantGroup section */
		96DBB73322D8772400A3D6A5 /* Main.storyboard */ = {
			isa = PBXVariantGroup;
			children = (
				96DBB73422D8772400A3D6A5 /* Base */,
			);
			name = Main.storyboard;
			sourceTree = "<group>";
		};
		96DBB73822D8772600A3D6A5 /* LaunchScreen.storyboard */ = {
			isa = PBXVariantGroup;
			children = (
				96DBB73922D8772600A3D6A5 /* Base */,
			);
			name = LaunchScreen.storyboard;
			sourceTree = "<group>";
		};
/* End PBXVariantGroup section */

/* Begin XCBuildConfiguration section */
		96DBB73C22D8772600A3D6A5 /* Debug */ = {
			isa = XCBuildConfiguration;
			buildSettings = {
				ALWAYS_SEARCH_USER_PATHS = NO;
				CLANG_ANALYZER_NONNULL = YES;
				CLANG_ANALYZER_NUMBER_OBJECT_CONVERSION = YES_AGGRESSIVE;
				CLANG_CXX_LANGUAGE_STANDARD = "gnu++14";
				CLANG_CXX_LIBRARY = "libc++";
				CLANG_ENABLE_MODULES = YES;
				CLANG_ENABLE_OBJC_ARC = YES;
				CLANG_ENABLE_OBJC_WEAK = YES;
				CLANG_WARN_BLOCK_CAPTURE_AUTORELEASING = YES;
				CLANG_WARN_BOOL_CONVERSION = YES;
				CLANG_WARN_COMMA = YES;
				CLANG_WARN_CONSTANT_CONVERSION = YES;
				CLANG_WARN_DEPRECATED_OBJC_IMPLEMENTATIONS = YES;
				CLANG_WARN_DIRECT_OBJC_ISA_USAGE = YES_ERROR;
				CLANG_WARN_DOCUMENTATION_COMMENTS = YES;
				CLANG_WARN_EMPTY_BODY = YES;
				CLANG_WARN_ENUM_CONVERSION = YES;
				CLANG_WARN_INFINITE_RECURSION = YES;
				CLANG_WARN_INT_CONVERSION = YES;
				CLANG_WARN_NON_LITERAL_NULL_CONVERSION = YES;
				CLANG_WARN_OBJC_IMPLICIT_RETAIN_SELF = YES;
				CLANG_WARN_OBJC_LITERAL_CONVERSION = YES;
				CLANG_WARN_OBJC_ROOT_CLASS = YES_ERROR;
				CLANG_WARN_RANGE_LOOP_ANALYSIS = YES;
				CLANG_WARN_STRICT_PROTOTYPES = YES;
				CLANG_WARN_SUSPICIOUS_MOVE = YES;
				CLANG_WARN_UNGUARDED_AVAILABILITY = YES_AGGRESSIVE;
				CLANG_WARN_UNREACHABLE_CODE = YES;
				CLANG_WARN__DUPLICATE_METHOD_MATCH = YES;
				CODE_SIGN_IDENTITY = "iPhone Developer";
				COPY_PHASE_STRIP = NO;
				DEBUG_INFORMATION_FORMAT = dwarf;
				ENABLE_STRICT_OBJC_MSGSEND = YES;
				ENABLE_TESTABILITY = YES;
				FRAMEWORK_SEARCH_PATHS = "${TARGET_BUILD_DIR}/IncomingPVN.framework/**";
				GCC_C_LANGUAGE_STANDARD = gnu11;
				GCC_DYNAMIC_NO_PIC = NO;
				GCC_NO_COMMON_BLOCKS = YES;
				GCC_OPTIMIZATION_LEVEL = 0;
				GCC_PREPROCESSOR_DEFINITIONS = (
					"DEBUG=1",
					"$(inherited)",
				);
				GCC_WARN_64_TO_32_BIT_CONVERSION = YES;
				GCC_WARN_ABOUT_RETURN_TYPE = YES_ERROR;
				GCC_WARN_UNDECLARED_SELECTOR = YES;
				GCC_WARN_UNINITIALIZED_AUTOS = YES_AGGRESSIVE;
				GCC_WARN_UNUSED_FUNCTION = YES;
				GCC_WARN_UNUSED_VARIABLE = YES;
				IPHONEOS_DEPLOYMENT_TARGET = 12.2;
				MTL_ENABLE_DEBUG_INFO = INCLUDE_SOURCE;
				MTL_FAST_MATH = YES;
				ONLY_ACTIVE_ARCH = YES;
				SDKROOT = iphoneos;
				SWIFT_ACTIVE_COMPILATION_CONDITIONS = DEBUG;
				SWIFT_OPTIMIZATION_LEVEL = "-Onone";
			};
			name = Debug;
		};
		96DBB73D22D8772600A3D6A5 /* Release */ = {
			isa = XCBuildConfiguration;
			buildSettings = {
				ALWAYS_SEARCH_USER_PATHS = NO;
				CLANG_ANALYZER_NONNULL = YES;
				CLANG_ANALYZER_NUMBER_OBJECT_CONVERSION = YES_AGGRESSIVE;
				CLANG_CXX_LANGUAGE_STANDARD = "gnu++14";
				CLANG_CXX_LIBRARY = "libc++";
				CLANG_ENABLE_MODULES = YES;
				CLANG_ENABLE_OBJC_ARC = YES;
				CLANG_ENABLE_OBJC_WEAK = YES;
				CLANG_WARN_BLOCK_CAPTURE_AUTORELEASING = YES;
				CLANG_WARN_BOOL_CONVERSION = YES;
				CLANG_WARN_COMMA = YES;
				CLANG_WARN_CONSTANT_CONVERSION = YES;
				CLANG_WARN_DEPRECATED_OBJC_IMPLEMENTATIONS = YES;
				CLANG_WARN_DIRECT_OBJC_ISA_USAGE = YES_ERROR;
				CLANG_WARN_DOCUMENTATION_COMMENTS = YES;
				CLANG_WARN_EMPTY_BODY = YES;
				CLANG_WARN_ENUM_CONVERSION = YES;
				CLANG_WARN_INFINITE_RECURSION = YES;
				CLANG_WARN_INT_CONVERSION = YES;
				CLANG_WARN_NON_LITERAL_NULL_CONVERSION = YES;
				CLANG_WARN_OBJC_IMPLICIT_RETAIN_SELF = YES;
				CLANG_WARN_OBJC_LITERAL_CONVERSION = YES;
				CLANG_WARN_OBJC_ROOT_CLASS = YES_ERROR;
				CLANG_WARN_RANGE_LOOP_ANALYSIS = YES;
				CLANG_WARN_STRICT_PROTOTYPES = YES;
				CLANG_WARN_SUSPICIOUS_MOVE = YES;
				CLANG_WARN_UNGUARDED_AVAILABILITY = YES_AGGRESSIVE;
				CLANG_WARN_UNREACHABLE_CODE = YES;
				CLANG_WARN__DUPLICATE_METHOD_MATCH = YES;
				CODE_SIGN_IDENTITY = "iPhone Developer";
				COPY_PHASE_STRIP = NO;
				DEBUG_INFORMATION_FORMAT = "dwarf-with-dsym";
				ENABLE_NS_ASSERTIONS = NO;
				ENABLE_STRICT_OBJC_MSGSEND = YES;
				FRAMEWORK_SEARCH_PATHS = "${TARGET_BUILD_DIR}/IncomingPVN.framework";
				GCC_C_LANGUAGE_STANDARD = gnu11;
				GCC_NO_COMMON_BLOCKS = YES;
				GCC_WARN_64_TO_32_BIT_CONVERSION = YES;
				GCC_WARN_ABOUT_RETURN_TYPE = YES_ERROR;
				GCC_WARN_UNDECLARED_SELECTOR = YES;
				GCC_WARN_UNINITIALIZED_AUTOS = YES_AGGRESSIVE;
				GCC_WARN_UNUSED_FUNCTION = YES;
				GCC_WARN_UNUSED_VARIABLE = YES;
				IPHONEOS_DEPLOYMENT_TARGET = 12.2;
				MTL_ENABLE_DEBUG_INFO = NO;
				MTL_FAST_MATH = YES;
				SDKROOT = iphoneos;
				SWIFT_COMPILATION_MODE = wholemodule;
				SWIFT_OPTIMIZATION_LEVEL = "-O";
				VALIDATE_PRODUCT = YES;
			};
			name = Release;
		};
		96DBB73F22D8772600A3D6A5 /* Debug */ = {
			isa = XCBuildConfiguration;
			baseConfigurationReference = F01AFCEA6031923F71D103D3 /* Pods-SmartNotificationsDemo.debug.xcconfig */;
			buildSettings = {
				ASSETCATALOG_COMPILER_APPICON_NAME = AppIcon;
				CODE_SIGN_ENTITLEMENTS = SmartNotificationsDemo/SmartNotificationsDemo.entitlements;
				CODE_SIGN_STYLE = Automatic;
				DEVELOPMENT_TEAM = 9TG2L64CFN;
				FRAMEWORK_SEARCH_PATHS = (
					"$(inherited)",
					"\"${PODS_CONFIGURATION_BUILD_DIR}/FirebaseCore\"",
					"\"${PODS_CONFIGURATION_BUILD_DIR}/FirebaseInstanceID\"",
					"\"${PODS_CONFIGURATION_BUILD_DIR}/FirebaseMessaging\"",
					"\"${PODS_CONFIGURATION_BUILD_DIR}/GoogleUtilities\"",
					"\"${PODS_CONFIGURATION_BUILD_DIR}/Protobuf\"",
					"\"${PODS_CONFIGURATION_BUILD_DIR}/nanopb\"",
					"\"${PODS_ROOT}/FirebaseAnalytics/Frameworks\"",
					"\"${PODS_ROOT}/GoogleAppMeasurement/Frameworks\"",
					"${PROJECT_DIR}",
					"${SRC_DIR}",
					"$(PROJECT_DIR)/SmartNotificationsDemo",
				);
				HEADER_SEARCH_PATHS = (
					"$(inherited)",
					"\"${PODS_CONFIGURATION_BUILD_DIR}/FirebaseCore/FirebaseCore.framework/Headers\"",
					"\"${PODS_CONFIGURATION_BUILD_DIR}/FirebaseInstanceID/FirebaseInstanceID.framework/Headers\"",
					"\"${PODS_CONFIGURATION_BUILD_DIR}/FirebaseMessaging/FirebaseMessaging.framework/Headers\"",
					"\"${PODS_CONFIGURATION_BUILD_DIR}/GoogleUtilities/GoogleUtilities.framework/Headers\"",
					"\"${PODS_CONFIGURATION_BUILD_DIR}/Protobuf/Protobuf.framework/Headers\"",
					"\"${PODS_CONFIGURATION_BUILD_DIR}/nanopb/nanopb.framework/Headers\"",
					"\"${PODS_ROOT}/Headers/Public\"",
					"\"${PODS_ROOT}/Headers/Public/Firebase\"",
					"\"${PODS_ROOT}/Headers/Public/FirebaseAnalyticsInterop\"",
					"$(inherited)",
					"${PODS_ROOT}/Firebase/CoreOnly/Sources",
					"${BUILD_DIR}/IncomingPVN.framework/Headers/**",
				);
				INFOPLIST_FILE = SmartNotificationsDemo/Info.plist;
				IPHONEOS_DEPLOYMENT_TARGET = 10.0;
				LD_RUNPATH_SEARCH_PATHS = (
					"$(inherited)",
					"@executable_path/Frameworks",
				);
				PRODUCT_BUNDLE_IDENTIFIER = au.com.ovo.smartnotificationsdemo;
				PRODUCT_NAME = "$(TARGET_NAME)";
				SWIFT_INCLUDE_PATHS = "";
				SWIFT_OBJC_BRIDGING_HEADER = "SmartNotificationsDemo/ISDK-Bridging-Header.h";
				SWIFT_VERSION = 5.0;
				TARGETED_DEVICE_FAMILY = "1,2";
			};
			name = Debug;
		};
		96DBB74022D8772600A3D6A5 /* Release */ = {
			isa = XCBuildConfiguration;
			baseConfigurationReference = 62ABC74834F7411D107075F7 /* Pods-SmartNotificationsDemo.release.xcconfig */;
			buildSettings = {
				ASSETCATALOG_COMPILER_APPICON_NAME = AppIcon;
				CODE_SIGN_ENTITLEMENTS = SmartNotificationsDemo/SmartNotificationsDemo.entitlements;
				CODE_SIGN_STYLE = Automatic;
				DEVELOPMENT_TEAM = 9TG2L64CFN;
				FRAMEWORK_SEARCH_PATHS = (
					"$(inherited)",
					"\"${PODS_CONFIGURATION_BUILD_DIR}/FirebaseCore\"",
					"\"${PODS_CONFIGURATION_BUILD_DIR}/FirebaseInstanceID\"",
					"\"${PODS_CONFIGURATION_BUILD_DIR}/FirebaseMessaging\"",
					"\"${PODS_CONFIGURATION_BUILD_DIR}/GoogleUtilities\"",
					"\"${PODS_CONFIGURATION_BUILD_DIR}/Protobuf\"",
					"\"${PODS_CONFIGURATION_BUILD_DIR}/nanopb\"",
					"\"${PODS_ROOT}/FirebaseAnalytics/Frameworks\"",
					"\"${PODS_ROOT}/GoogleAppMeasurement/Frameworks\"",
					"\"${BUILD_DIR}/IncomingPVN/** ${PROJECT_DIR} $(PROJECT_DIR)/SmartNotificationsDemo",
				);
				HEADER_SEARCH_PATHS = (
					"$(inherited)",
					"\"${PODS_CONFIGURATION_BUILD_DIR}/FirebaseCore/FirebaseCore.framework/Headers\"",
					"\"${PODS_CONFIGURATION_BUILD_DIR}/FirebaseInstanceID/FirebaseInstanceID.framework/Headers\"",
					"\"${PODS_CONFIGURATION_BUILD_DIR}/FirebaseMessaging/FirebaseMessaging.framework/Headers\"",
					"\"${PODS_CONFIGURATION_BUILD_DIR}/GoogleUtilities/GoogleUtilities.framework/Headers\"",
					"\"${PODS_CONFIGURATION_BUILD_DIR}/Protobuf/Protobuf.framework/Headers\"",
					"\"${PODS_CONFIGURATION_BUILD_DIR}/nanopb/nanopb.framework/Headers\"",
					"\"${PODS_ROOT}/Headers/Public\"",
					"\"${PODS_ROOT}/Headers/Public/Firebase\"",
					"\"${PODS_ROOT}/Headers/Public/FirebaseAnalyticsInterop\"",
					"$(inherited)",
					"${PODS_ROOT}/Firebase/CoreOnly/Sources",
				);
				INFOPLIST_FILE = SmartNotificationsDemo/Info.plist;
				IPHONEOS_DEPLOYMENT_TARGET = 10.0;
				LD_RUNPATH_SEARCH_PATHS = (
					"$(inherited)",
					"@executable_path/Frameworks",
				);
				PRODUCT_BUNDLE_IDENTIFIER = au.com.ovo.smartnotificationsdemo;
				PRODUCT_NAME = "$(TARGET_NAME)";
				SWIFT_INCLUDE_PATHS = "";
				SWIFT_OBJC_BRIDGING_HEADER = "SmartNotificationsDemo/ISDK-Bridging-Header.h";
				SWIFT_VERSION = 5.0;
				TARGETED_DEVICE_FAMILY = "1,2";
			};
			name = Release;
		};
/* End XCBuildConfiguration section */

/* Begin XCConfigurationList section */
		96DBB72722D8772400A3D6A5 /* Build configuration list for PBXProject "SmartNotificationsDemo" */ = {
			isa = XCConfigurationList;
			buildConfigurations = (
				96DBB73C22D8772600A3D6A5 /* Debug */,
				96DBB73D22D8772600A3D6A5 /* Release */,
			);
			defaultConfigurationIsVisible = 0;
			defaultConfigurationName = Release;
		};
		96DBB73E22D8772600A3D6A5 /* Build configuration list for PBXNativeTarget "SmartNotificationsDemo" */ = {
			isa = XCConfigurationList;
			buildConfigurations = (
				96DBB73F22D8772600A3D6A5 /* Debug */,
				96DBB74022D8772600A3D6A5 /* Release */,
			);
			defaultConfigurationIsVisible = 0;
			defaultConfigurationName = Release;
		};
/* End XCConfigurationList section */
	};
	rootObject = 96DBB72422D8772400A3D6A5 /* Project object */;
}
